// !$*UTF8*$!
{
	archiveVersion = 1;
	classes = {
	};
	objectVersion = 46;
	objects = {

/* Begin PBXBuildFile section */
		1D60589B0D05DD56006BFB54 /* main.m in Sources */ = {isa = PBXBuildFile; fileRef = 29B97316FDCFA39411CA2CEA /* main.m */; };
		1D60589F0D05DD5A006BFB54 /* Foundation.framework in Frameworks */ = {isa = PBXBuildFile; fileRef = 1D30AB110D05D00D00671497 /* Foundation.framework */; };
		1DF5F4E00D08C38300B7A737 /* UIKit.framework in Frameworks */ = {isa = PBXBuildFile; fileRef = 1DF5F4DF0D08C38300B7A737 /* UIKit.framework */; };
		288765A50DF7441C002DB57D /* CoreGraphics.framework in Frameworks */ = {isa = PBXBuildFile; fileRef = 288765A40DF7441C002DB57D /* CoreGraphics.framework */; };
		2899E5220DE3E06400AC0155 /* UFShakeViewController.xib in Resources */ = {isa = PBXBuildFile; fileRef = 2899E5210DE3E06400AC0155 /* UFShakeViewController.xib */; };
		464D7E6911A8F66B009B82DE /* Settings.bundle in Resources */ = {isa = PBXBuildFile; fileRef = 464D7E6811A8F66B009B82DE /* Settings.bundle */; };
		4682BCCA11A73894004F7745 /* UFPhraseDetailEditorViewController.m in Sources */ = {isa = PBXBuildFile; fileRef = 4682BCC811A73894004F7745 /* UFPhraseDetailEditorViewController.m */; };
		4682BCCB11A73894004F7745 /* UFPhraseDetailEditorViewController.xib in Resources */ = {isa = PBXBuildFile; fileRef = 4682BCC911A73894004F7745 /* UFPhraseDetailEditorViewController.xib */; };
		4682BEA711A751D9004F7745 /* UFPhrasesListViewController.m in Sources */ = {isa = PBXBuildFile; fileRef = 4682BEA511A751D9004F7745 /* UFPhrasesListViewController.m */; };
		468EBCD0163461A1000EEB9C /* UFShakeViewController.m in Sources */ = {isa = PBXBuildFile; fileRef = 468EBCCF163461A1000EEB9C /* UFShakeViewController.m */; };
		469B2838163456EE00F6AD98 /* Icon-72.png in Resources */ = {isa = PBXBuildFile; fileRef = 469B2831163456EE00F6AD98 /* Icon-72.png */; };
		469B2839163456EE00F6AD98 /* Icon-Small.png in Resources */ = {isa = PBXBuildFile; fileRef = 469B2832163456EE00F6AD98 /* Icon-Small.png */; };
		469B283A163456EE00F6AD98 /* Icon-Small@2x.png in Resources */ = {isa = PBXBuildFile; fileRef = 469B2833163456EE00F6AD98 /* Icon-Small@2x.png */; };
		469B283B163456EE00F6AD98 /* Icon.png in Resources */ = {isa = PBXBuildFile; fileRef = 469B2834163456EE00F6AD98 /* Icon.png */; };
		469B283C163456EE00F6AD98 /* Icon@2x.png in Resources */ = {isa = PBXBuildFile; fileRef = 469B2835163456EE00F6AD98 /* Icon@2x.png */; };
		469B283E163456EE00F6AD98 /* iTunesArtwork.png in Resources */ = {isa = PBXBuildFile; fileRef = 469B2837163456EE00F6AD98 /* iTunesArtwork.png */; };
		469B28441634571800F6AD98 /* poke.aif in Resources */ = {isa = PBXBuildFile; fileRef = 469B28401634571800F6AD98 /* poke.aif */; };
		469B28451634571800F6AD98 /* shake.aif in Resources */ = {isa = PBXBuildFile; fileRef = 469B28411634571800F6AD98 /* shake.aif */; };
		469B28461634571800F6AD98 /* shake.mp3 in Resources */ = {isa = PBXBuildFile; fileRef = 469B28421634571800F6AD98 /* shake.mp3 */; };
		469B28471634571800F6AD98 /* shake_short.mp3 in Resources */ = {isa = PBXBuildFile; fileRef = 469B28431634571800F6AD98 /* shake_short.mp3 */; };
		469B289A1634573100F6AD98 /* navbar.png in Resources */ = {isa = PBXBuildFile; fileRef = 469B284A1634573100F6AD98 /* navbar.png */; };
		469B289B1634573100F6AD98 /* phraseEditor.png in Resources */ = {isa = PBXBuildFile; fileRef = 469B284B1634573100F6AD98 /* phraseEditor.png */; };
		469B289C1634573100F6AD98 /* phrases.png in Resources */ = {isa = PBXBuildFile; fileRef = 469B284C1634573100F6AD98 /* phrases.png */; };
		469B289D1634573100F6AD98 /* popup.png in Resources */ = {isa = PBXBuildFile; fileRef = 469B284D1634573100F6AD98 /* popup.png */; };
		469B289E1634573100F6AD98 /* pupil-in.png in Resources */ = {isa = PBXBuildFile; fileRef = 469B284F1634573100F6AD98 /* pupil-in.png */; };
		469B289F1634573100F6AD98 /* pupil.png in Resources */ = {isa = PBXBuildFile; fileRef = 469B28501634573100F6AD98 /* pupil.png */; };
		469B28A01634573100F6AD98 /* Default.png in Resources */ = {isa = PBXBuildFile; fileRef = 469B28511634573100F6AD98 /* Default.png */; };
		469B28A11634573100F6AD98 /* Default@2x.png in Resources */ = {isa = PBXBuildFile; fileRef = 469B28521634573100F6AD98 /* Default@2x.png */; };
		469B28A21634573100F6AD98 /* black_hair.png in Resources */ = {isa = PBXBuildFile; fileRef = 469B28541634573100F6AD98 /* black_hair.png */; };
		469B28A31634573100F6AD98 /* brow.jpg in Resources */ = {isa = PBXBuildFile; fileRef = 469B28551634573100F6AD98 /* brow.jpg */; };
		469B28A41634573100F6AD98 /* carbon.png in Resources */ = {isa = PBXBuildFile; fileRef = 469B28561634573100F6AD98 /* carbon.png */; };
		469B28A51634573100F6AD98 /* compete_shadow.png in Resources */ = {isa = PBXBuildFile; fileRef = 469B28571634573100F6AD98 /* compete_shadow.png */; };
		469B28A61634573100F6AD98 /* complete.png in Resources */ = {isa = PBXBuildFile; fileRef = 469B28581634573100F6AD98 /* complete.png */; };
		469B28A71634573100F6AD98 /* complete_shadow.png in Resources */ = {isa = PBXBuildFile; fileRef = 469B28591634573100F6AD98 /* complete_shadow.png */; };
		469B28A81634573100F6AD98 /* giraffe.png in Resources */ = {isa = PBXBuildFile; fileRef = 469B285A1634573100F6AD98 /* giraffe.png */; };
		469B28A91634573100F6AD98 /* gray_hair.png in Resources */ = {isa = PBXBuildFile; fileRef = 469B285B1634573100F6AD98 /* gray_hair.png */; };
		469B28AA1634573100F6AD98 /* leaf_hair.png in Resources */ = {isa = PBXBuildFile; fileRef = 469B285C1634573100F6AD98 /* leaf_hair.png */; };
		469B28AB1634573100F6AD98 /* orange.png in Resources */ = {isa = PBXBuildFile; fileRef = 469B285D1634573100F6AD98 /* orange.png */; };
		469B28AC1634573100F6AD98 /* orange_peel.png in Resources */ = {isa = PBXBuildFile; fileRef = 469B285E1634573100F6AD98 /* orange_peel.png */; };
		469B28AD1634573100F6AD98 /* pastel_brown.png in Resources */ = {isa = PBXBuildFile; fileRef = 469B285F1634573100F6AD98 /* pastel_brown.png */; };
		469B28AE1634573100F6AD98 /* pastel_hair.png in Resources */ = {isa = PBXBuildFile; fileRef = 469B28601634573100F6AD98 /* pastel_hair.png */; };
		469B28AF1634573100F6AD98 /* polka.png in Resources */ = {isa = PBXBuildFile; fileRef = 469B28611634573100F6AD98 /* polka.png */; };
		469B28B01634573100F6AD98 /* promenade.png in Resources */ = {isa = PBXBuildFile; fileRef = 469B28621634573100F6AD98 /* promenade.png */; };
		469B28B11634573100F6AD98 /* promenade_2.png in Resources */ = {isa = PBXBuildFile; fileRef = 469B28631634573100F6AD98 /* promenade_2.png */; };
		469B28B21634573100F6AD98 /* purple_hair.png in Resources */ = {isa = PBXBuildFile; fileRef = 469B28641634573100F6AD98 /* purple_hair.png */; };
		469B28B31634573100F6AD98 /* purple_shiny.png in Resources */ = {isa = PBXBuildFile; fileRef = 469B28651634573100F6AD98 /* purple_shiny.png */; };
		469B28B41634573100F6AD98 /* shiny_black.png in Resources */ = {isa = PBXBuildFile; fileRef = 469B28661634573100F6AD98 /* shiny_black.png */; };
		469B28B51634573100F6AD98 /* stone.png in Resources */ = {isa = PBXBuildFile; fileRef = 469B28671634573100F6AD98 /* stone.png */; };
		469B28B61634573100F6AD98 /* yellow_flower.png in Resources */ = {isa = PBXBuildFile; fileRef = 469B28681634573100F6AD98 /* yellow_flower.png */; };
		469B28B71634573100F6AD98 /* yellow_shiny.png in Resources */ = {isa = PBXBuildFile; fileRef = 469B28691634573100F6AD98 /* yellow_shiny.png */; };
		469B28BF1634573100F6AD98 /* Wallpaper.png in Resources */ = {isa = PBXBuildFile; fileRef = 469B28721634573100F6AD98 /* Wallpaper.png */; };
		469B28C01634573100F6AD98 /* Wallpaper@2x.png in Resources */ = {isa = PBXBuildFile; fileRef = 469B28731634573100F6AD98 /* Wallpaper@2x.png */; };
		469B28D61634573100F6AD98 /* Bird.png in Resources */ = {isa = PBXBuildFile; fileRef = 469B288E1634573100F6AD98 /* Bird.png */; };
		469B28D71634573100F6AD98 /* Bird@2x.png in Resources */ = {isa = PBXBuildFile; fileRef = 469B288F1634573100F6AD98 /* Bird@2x.png */; };
		469B28D81634573100F6AD98 /* Info.png in Resources */ = {isa = PBXBuildFile; fileRef = 469B28901634573100F6AD98 /* Info.png */; };
		469B28D91634573100F6AD98 /* Info@2x.png in Resources */ = {isa = PBXBuildFile; fileRef = 469B28911634573100F6AD98 /* Info@2x.png */; };
		469B28DA1634573100F6AD98 /* pen.png in Resources */ = {isa = PBXBuildFile; fileRef = 469B28921634573100F6AD98 /* pen.png */; };
		469B28DB1634573100F6AD98 /* pen_up.png in Resources */ = {isa = PBXBuildFile; fileRef = 469B28931634573100F6AD98 /* pen_up.png */; };
		469B28DC1634573100F6AD98 /* Plus.png in Resources */ = {isa = PBXBuildFile; fileRef = 469B28941634573100F6AD98 /* Plus.png */; };
		469B28DD1634573100F6AD98 /* Plus@2x.png in Resources */ = {isa = PBXBuildFile; fileRef = 469B28951634573100F6AD98 /* Plus@2x.png */; };
		469B28DE1634573100F6AD98 /* qm.png in Resources */ = {isa = PBXBuildFile; fileRef = 469B28961634573100F6AD98 /* qm.png */; };
		469B28DF1634573100F6AD98 /* qm_up.png in Resources */ = {isa = PBXBuildFile; fileRef = 469B28971634573100F6AD98 /* qm_up.png */; };
		469B28E01634573100F6AD98 /* Shadow.png in Resources */ = {isa = PBXBuildFile; fileRef = 469B28981634573100F6AD98 /* Shadow.png */; };
		469B28E11634573100F6AD98 /* Shadow@2x.png in Resources */ = {isa = PBXBuildFile; fileRef = 469B28991634573100F6AD98 /* Shadow@2x.png */; };
		469B28E51634574000F6AD98 /* PokedList.plist in Resources */ = {isa = PBXBuildFile; fileRef = 469B28E31634574000F6AD98 /* PokedList.plist */; };
		469B28E61634574000F6AD98 /* ShakenList.plist in Resources */ = {isa = PBXBuildFile; fileRef = 469B28E41634574000F6AD98 /* ShakenList.plist */; };
		46B1863D146DB0A10037AE9A /* Twitter.framework in Frameworks */ = {isa = PBXBuildFile; fileRef = 46B1863C146DB0A10037AE9A /* Twitter.framework */; };
		46B2B25012B05D3800C562C9 /* SystemConfiguration.framework in Frameworks */ = {isa = PBXBuildFile; fileRef = 46B2B24F12B05D3800C562C9 /* SystemConfiguration.framework */; };
		46B2B36B12B060D600C562C9 /* Security.framework in Frameworks */ = {isa = PBXBuildFile; fileRef = 46B2B36A12B060D600C562C9 /* Security.framework */; };
		46D6B71F11E14E2D00C1430B /* AVFoundation.framework in Frameworks */ = {isa = PBXBuildFile; fileRef = 46D6B71E11E14E2D00C1430B /* AVFoundation.framework */; };
		46D6B7AD11E158CF00C1430B /* UFCreditsViewController.m in Sources */ = {isa = PBXBuildFile; fileRef = 46D6B7AB11E158CF00C1430B /* UFCreditsViewController.m */; };
		46D6B7AE11E158CF00C1430B /* UFCreditsViewController.xib in Resources */ = {isa = PBXBuildFile; fileRef = 46D6B7AC11E158CF00C1430B /* UFCreditsViewController.xib */; };
		46E7792A1197C032007EE541 /* UFAppDelegate.m in Sources */ = {isa = PBXBuildFile; fileRef = 46E779271197C032007EE541 /* UFAppDelegate.m */; };
		46E7A304121DD22B008971FE /* QuartzCore.framework in Frameworks */ = {isa = PBXBuildFile; fileRef = 46E7A303121DD22B008971FE /* QuartzCore.framework */; };
/* End PBXBuildFile section */

/* Begin PBXFileReference section */
		1D30AB110D05D00D00671497 /* Foundation.framework */ = {isa = PBXFileReference; lastKnownFileType = wrapper.framework; name = Foundation.framework; path = System/Library/Frameworks/Foundation.framework; sourceTree = SDKROOT; };
		1D6058910D05DD3D006BFB54 /* UncleFred.app */ = {isa = PBXFileReference; explicitFileType = wrapper.application; includeInIndex = 0; path = UncleFred.app; sourceTree = BUILT_PRODUCTS_DIR; };
		1DF5F4DF0D08C38300B7A737 /* UIKit.framework */ = {isa = PBXFileReference; lastKnownFileType = wrapper.framework; name = UIKit.framework; path = System/Library/Frameworks/UIKit.framework; sourceTree = SDKROOT; };
		288765A40DF7441C002DB57D /* CoreGraphics.framework */ = {isa = PBXFileReference; lastKnownFileType = wrapper.framework; name = CoreGraphics.framework; path = System/Library/Frameworks/CoreGraphics.framework; sourceTree = SDKROOT; };
		2899E5210DE3E06400AC0155 /* UFShakeViewController.xib */ = {isa = PBXFileReference; lastKnownFileType = file.xib; path = UFShakeViewController.xib; sourceTree = "<group>"; };
		29B97316FDCFA39411CA2CEA /* main.m */ = {isa = PBXFileReference; fileEncoding = 4; lastKnownFileType = sourcecode.c.objc; path = main.m; sourceTree = "<group>"; };
		32CA4F630368D1EE00C91783 /* UncleFred_Prefix.pch */ = {isa = PBXFileReference; fileEncoding = 4; lastKnownFileType = sourcecode.c.h; path = UncleFred_Prefix.pch; sourceTree = "<group>"; };
		464D7E6811A8F66B009B82DE /* Settings.bundle */ = {isa = PBXFileReference; lastKnownFileType = "wrapper.plug-in"; path = Settings.bundle; sourceTree = "<group>"; };
		4682BCC711A73894004F7745 /* UFPhraseDetailEditorViewController.h */ = {isa = PBXFileReference; fileEncoding = 4; lastKnownFileType = sourcecode.c.h; path = UFPhraseDetailEditorViewController.h; sourceTree = "<group>"; };
		4682BCC811A73894004F7745 /* UFPhraseDetailEditorViewController.m */ = {isa = PBXFileReference; fileEncoding = 4; lastKnownFileType = sourcecode.c.objc; path = UFPhraseDetailEditorViewController.m; sourceTree = "<group>"; };
		4682BCC911A73894004F7745 /* UFPhraseDetailEditorViewController.xib */ = {isa = PBXFileReference; lastKnownFileType = file.xib; path = UFPhraseDetailEditorViewController.xib; sourceTree = "<group>"; };
		4682BEA411A751D9004F7745 /* UFPhrasesListViewController.h */ = {isa = PBXFileReference; fileEncoding = 4; lastKnownFileType = sourcecode.c.h; path = UFPhrasesListViewController.h; sourceTree = "<group>"; };
		4682BEA511A751D9004F7745 /* UFPhrasesListViewController.m */ = {isa = PBXFileReference; fileEncoding = 4; lastKnownFileType = sourcecode.c.objc; path = UFPhrasesListViewController.m; sourceTree = "<group>"; };
		468EBCCE163461A1000EEB9C /* UFShakeViewController.h */ = {isa = PBXFileReference; fileEncoding = 4; lastKnownFileType = sourcecode.c.h; path = UFShakeViewController.h; sourceTree = "<group>"; };
		468EBCCF163461A1000EEB9C /* UFShakeViewController.m */ = {isa = PBXFileReference; fileEncoding = 4; lastKnownFileType = sourcecode.c.objc; path = UFShakeViewController.m; sourceTree = "<group>"; };
		469B2831163456EE00F6AD98 /* Icon-72.png */ = {isa = PBXFileReference; lastKnownFileType = image.png; name = "Icon-72.png"; path = "Images/Icons/Icon-72.png"; sourceTree = "<group>"; };
		469B2832163456EE00F6AD98 /* Icon-Small.png */ = {isa = PBXFileReference; lastKnownFileType = image.png; name = "Icon-Small.png"; path = "Images/Icons/Icon-Small.png"; sourceTree = "<group>"; };
		469B2833163456EE00F6AD98 /* Icon-Small@2x.png */ = {isa = PBXFileReference; lastKnownFileType = image.png; name = "Icon-Small@2x.png"; path = "Images/Icons/Icon-Small@2x.png"; sourceTree = "<group>"; };
		469B2834163456EE00F6AD98 /* Icon.png */ = {isa = PBXFileReference; lastKnownFileType = image.png; name = Icon.png; path = Images/Icons/Icon.png; sourceTree = "<group>"; };
		469B2835163456EE00F6AD98 /* Icon@2x.png */ = {isa = PBXFileReference; lastKnownFileType = image.png; name = "Icon@2x.png"; path = "Images/Icons/Icon@2x.png"; sourceTree = "<group>"; };
		469B2837163456EE00F6AD98 /* iTunesArtwork.png */ = {isa = PBXFileReference; lastKnownFileType = image.png; name = iTunesArtwork.png; path = Images/Icons/iTunesArtwork.png; sourceTree = "<group>"; };
		469B28401634571800F6AD98 /* poke.aif */ = {isa = PBXFileReference; lastKnownFileType = file; path = poke.aif; sourceTree = "<group>"; };
		469B28411634571800F6AD98 /* shake.aif */ = {isa = PBXFileReference; lastKnownFileType = file; path = shake.aif; sourceTree = "<group>"; };
		469B28421634571800F6AD98 /* shake.mp3 */ = {isa = PBXFileReference; lastKnownFileType = audio.mp3; path = shake.mp3; sourceTree = "<group>"; };
		469B28431634571800F6AD98 /* shake_short.mp3 */ = {isa = PBXFileReference; lastKnownFileType = audio.mp3; path = shake_short.mp3; sourceTree = "<group>"; };
		469B284A1634573100F6AD98 /* navbar.png */ = {isa = PBXFileReference; lastKnownFileType = image.png; path = navbar.png; sourceTree = "<group>"; };
		469B284B1634573100F6AD98 /* phraseEditor.png */ = {isa = PBXFileReference; lastKnownFileType = image.png; path = phraseEditor.png; sourceTree = "<group>"; };
		469B284C1634573100F6AD98 /* phrases.png */ = {isa = PBXFileReference; lastKnownFileType = image.png; path = phrases.png; sourceTree = "<group>"; };
		469B284D1634573100F6AD98 /* popup.png */ = {isa = PBXFileReference; lastKnownFileType = image.png; path = popup.png; sourceTree = "<group>"; };
		469B284F1634573100F6AD98 /* pupil-in.png */ = {isa = PBXFileReference; lastKnownFileType = image.png; path = "pupil-in.png"; sourceTree = "<group>"; };
		469B28501634573100F6AD98 /* pupil.png */ = {isa = PBXFileReference; lastKnownFileType = image.png; path = pupil.png; sourceTree = "<group>"; };
		469B28511634573100F6AD98 /* Default.png */ = {isa = PBXFileReference; lastKnownFileType = image.png; path = Default.png; sourceTree = "<group>"; };
		469B28521634573100F6AD98 /* Default@2x.png */ = {isa = PBXFileReference; lastKnownFileType = image.png; path = "Default@2x.png"; sourceTree = "<group>"; };
		469B28541634573100F6AD98 /* black_hair.png */ = {isa = PBXFileReference; lastKnownFileType = image.png; path = black_hair.png; sourceTree = "<group>"; };
		469B28551634573100F6AD98 /* brow.jpg */ = {isa = PBXFileReference; lastKnownFileType = image.jpeg; path = brow.jpg; sourceTree = "<group>"; };
		469B28561634573100F6AD98 /* carbon.png */ = {isa = PBXFileReference; lastKnownFileType = image.png; path = carbon.png; sourceTree = "<group>"; };
		469B28571634573100F6AD98 /* compete_shadow.png */ = {isa = PBXFileReference; lastKnownFileType = image.png; path = compete_shadow.png; sourceTree = "<group>"; };
		469B28581634573100F6AD98 /* complete.png */ = {isa = PBXFileReference; lastKnownFileType = image.png; path = complete.png; sourceTree = "<group>"; };
		469B28591634573100F6AD98 /* complete_shadow.png */ = {isa = PBXFileReference; lastKnownFileType = image.png; path = complete_shadow.png; sourceTree = "<group>"; };
		469B285A1634573100F6AD98 /* giraffe.png */ = {isa = PBXFileReference; lastKnownFileType = image.png; path = giraffe.png; sourceTree = "<group>"; };
		469B285B1634573100F6AD98 /* gray_hair.png */ = {isa = PBXFileReference; lastKnownFileType = image.png; path = gray_hair.png; sourceTree = "<group>"; };
		469B285C1634573100F6AD98 /* leaf_hair.png */ = {isa = PBXFileReference; lastKnownFileType = image.png; path = leaf_hair.png; sourceTree = "<group>"; };
		469B285D1634573100F6AD98 /* orange.png */ = {isa = PBXFileReference; lastKnownFileType = image.png; path = orange.png; sourceTree = "<group>"; };
		469B285E1634573100F6AD98 /* orange_peel.png */ = {isa = PBXFileReference; lastKnownFileType = image.png; path = orange_peel.png; sourceTree = "<group>"; };
		469B285F1634573100F6AD98 /* pastel_brown.png */ = {isa = PBXFileReference; lastKnownFileType = image.png; path = pastel_brown.png; sourceTree = "<group>"; };
		469B28601634573100F6AD98 /* pastel_hair.png */ = {isa = PBXFileReference; lastKnownFileType = image.png; path = pastel_hair.png; sourceTree = "<group>"; };
		469B28611634573100F6AD98 /* polka.png */ = {isa = PBXFileReference; lastKnownFileType = image.png; path = polka.png; sourceTree = "<group>"; };
		469B28621634573100F6AD98 /* promenade.png */ = {isa = PBXFileReference; lastKnownFileType = image.png; path = promenade.png; sourceTree = "<group>"; };
		469B28631634573100F6AD98 /* promenade_2.png */ = {isa = PBXFileReference; lastKnownFileType = image.png; path = promenade_2.png; sourceTree = "<group>"; };
		469B28641634573100F6AD98 /* purple_hair.png */ = {isa = PBXFileReference; lastKnownFileType = image.png; path = purple_hair.png; sourceTree = "<group>"; };
		469B28651634573100F6AD98 /* purple_shiny.png */ = {isa = PBXFileReference; lastKnownFileType = image.png; path = purple_shiny.png; sourceTree = "<group>"; };
		469B28661634573100F6AD98 /* shiny_black.png */ = {isa = PBXFileReference; lastKnownFileType = image.png; path = shiny_black.png; sourceTree = "<group>"; };
		469B28671634573100F6AD98 /* stone.png */ = {isa = PBXFileReference; lastKnownFileType = image.png; path = stone.png; sourceTree = "<group>"; };
		469B28681634573100F6AD98 /* yellow_flower.png */ = {isa = PBXFileReference; lastKnownFileType = image.png; path = yellow_flower.png; sourceTree = "<group>"; };
		469B28691634573100F6AD98 /* yellow_shiny.png */ = {isa = PBXFileReference; lastKnownFileType = image.png; path = yellow_shiny.png; sourceTree = "<group>"; };
		469B286B1634573100F6AD98 /* Icon-72.png */ = {isa = PBXFileReference; lastKnownFileType = image.png; path = "Icon-72.png"; sourceTree = "<group>"; };
		469B286C1634573100F6AD98 /* Icon-Small.png */ = {isa = PBXFileReference; lastKnownFileType = image.png; path = "Icon-Small.png"; sourceTree = "<group>"; };
		469B286D1634573100F6AD98 /* Icon-Small@2x.png */ = {isa = PBXFileReference; lastKnownFileType = image.png; path = "Icon-Small@2x.png"; sourceTree = "<group>"; };
		469B286E1634573100F6AD98 /* Icon.png */ = {isa = PBXFileReference; lastKnownFileType = image.png; path = Icon.png; sourceTree = "<group>"; };
		469B286F1634573100F6AD98 /* Icon@2x.png */ = {isa = PBXFileReference; lastKnownFileType = image.png; path = "Icon@2x.png"; sourceTree = "<group>"; };
		469B28701634573100F6AD98 /* iTunesArtwork */ = {isa = PBXFileReference; lastKnownFileType = file; path = iTunesArtwork; sourceTree = "<group>"; };
		469B28711634573100F6AD98 /* iTunesArtwork.png */ = {isa = PBXFileReference; lastKnownFileType = image.png; path = iTunesArtwork.png; sourceTree = "<group>"; };
		469B28721634573100F6AD98 /* Wallpaper.png */ = {isa = PBXFileReference; lastKnownFileType = image.png; path = Wallpaper.png; sourceTree = "<group>"; };
		469B28731634573100F6AD98 /* Wallpaper@2x.png */ = {isa = PBXFileReference; lastKnownFileType = image.png; path = "Wallpaper@2x.png"; sourceTree = "<group>"; };
		469B288E1634573100F6AD98 /* Bird.png */ = {isa = PBXFileReference; lastKnownFileType = image.png; path = Bird.png; sourceTree = "<group>"; };
		469B288F1634573100F6AD98 /* Bird@2x.png */ = {isa = PBXFileReference; lastKnownFileType = image.png; path = "Bird@2x.png"; sourceTree = "<group>"; };
		469B28901634573100F6AD98 /* Info.png */ = {isa = PBXFileReference; lastKnownFileType = image.png; path = Info.png; sourceTree = "<group>"; };
		469B28911634573100F6AD98 /* Info@2x.png */ = {isa = PBXFileReference; lastKnownFileType = image.png; path = "Info@2x.png"; sourceTree = "<group>"; };
		469B28921634573100F6AD98 /* pen.png */ = {isa = PBXFileReference; lastKnownFileType = image.png; path = pen.png; sourceTree = "<group>"; };
		469B28931634573100F6AD98 /* pen_up.png */ = {isa = PBXFileReference; lastKnownFileType = image.png; path = pen_up.png; sourceTree = "<group>"; };
		469B28941634573100F6AD98 /* Plus.png */ = {isa = PBXFileReference; lastKnownFileType = image.png; path = Plus.png; sourceTree = "<group>"; };
		469B28951634573100F6AD98 /* Plus@2x.png */ = {isa = PBXFileReference; lastKnownFileType = image.png; path = "Plus@2x.png"; sourceTree = "<group>"; };
		469B28961634573100F6AD98 /* qm.png */ = {isa = PBXFileReference; lastKnownFileType = image.png; path = qm.png; sourceTree = "<group>"; };
		469B28971634573100F6AD98 /* qm_up.png */ = {isa = PBXFileReference; lastKnownFileType = image.png; path = qm_up.png; sourceTree = "<group>"; };
		469B28981634573100F6AD98 /* Shadow.png */ = {isa = PBXFileReference; lastKnownFileType = image.png; path = Shadow.png; sourceTree = "<group>"; };
		469B28991634573100F6AD98 /* Shadow@2x.png */ = {isa = PBXFileReference; lastKnownFileType = image.png; path = "Shadow@2x.png"; sourceTree = "<group>"; };
		469B28E31634574000F6AD98 /* PokedList.plist */ = {isa = PBXFileReference; fileEncoding = 4; lastKnownFileType = text.plist.xml; path = PokedList.plist; sourceTree = "<group>"; };
		469B28E41634574000F6AD98 /* ShakenList.plist */ = {isa = PBXFileReference; fileEncoding = 4; lastKnownFileType = text.plist.xml; path = ShakenList.plist; sourceTree = "<group>"; };
		46B1863C146DB0A10037AE9A /* Twitter.framework */ = {isa = PBXFileReference; lastKnownFileType = wrapper.framework; name = Twitter.framework; path = System/Library/Frameworks/Twitter.framework; sourceTree = SDKROOT; };
		46B2B24D12B05D3800C562C9 /* CFNetwork.framework */ = {isa = PBXFileReference; lastKnownFileType = wrapper.framework; name = CFNetwork.framework; path = System/Library/Frameworks/CFNetwork.framework; sourceTree = SDKROOT; };
		46B2B24F12B05D3800C562C9 /* SystemConfiguration.framework */ = {isa = PBXFileReference; lastKnownFileType = wrapper.framework; name = SystemConfiguration.framework; path = System/Library/Frameworks/SystemConfiguration.framework; sourceTree = SDKROOT; };
		46B2B36812B060D600C562C9 /* MessageUI.framework */ = {isa = PBXFileReference; lastKnownFileType = wrapper.framework; name = MessageUI.framework; path = System/Library/Frameworks/MessageUI.framework; sourceTree = SDKROOT; };
		46B2B36A12B060D600C562C9 /* Security.framework */ = {isa = PBXFileReference; lastKnownFileType = wrapper.framework; name = Security.framework; path = System/Library/Frameworks/Security.framework; sourceTree = SDKROOT; };
		46D6B71E11E14E2D00C1430B /* AVFoundation.framework */ = {isa = PBXFileReference; lastKnownFileType = wrapper.framework; name = AVFoundation.framework; path = System/Library/Frameworks/AVFoundation.framework; sourceTree = SDKROOT; };
		46D6B7AA11E158CF00C1430B /* UFCreditsViewController.h */ = {isa = PBXFileReference; fileEncoding = 4; lastKnownFileType = sourcecode.c.h; path = UFCreditsViewController.h; sourceTree = "<group>"; };
		46D6B7AB11E158CF00C1430B /* UFCreditsViewController.m */ = {isa = PBXFileReference; fileEncoding = 4; lastKnownFileType = sourcecode.c.objc; path = UFCreditsViewController.m; sourceTree = "<group>"; };
		46D6B7AC11E158CF00C1430B /* UFCreditsViewController.xib */ = {isa = PBXFileReference; lastKnownFileType = file.xib; path = UFCreditsViewController.xib; sourceTree = "<group>"; };
		46E779261197C032007EE541 /* UFAppDelegate.h */ = {isa = PBXFileReference; fileEncoding = 4; lastKnownFileType = sourcecode.c.h; path = UFAppDelegate.h; sourceTree = "<group>"; };
		46E779271197C032007EE541 /* UFAppDelegate.m */ = {isa = PBXFileReference; fileEncoding = 4; lastKnownFileType = sourcecode.c.objc; path = UFAppDelegate.m; sourceTree = "<group>"; };
		46E7A303121DD22B008971FE /* QuartzCore.framework */ = {isa = PBXFileReference; lastKnownFileType = wrapper.framework; name = QuartzCore.framework; path = System/Library/Frameworks/QuartzCore.framework; sourceTree = SDKROOT; };
		8D1107310486CEB800E47090 /* Info.plist */ = {isa = PBXFileReference; fileEncoding = 4; lastKnownFileType = text.plist.xml; path = Info.plist; plistStructureDefinitionIdentifier = "com.apple.xcode.plist.structure-definition.iphone.info-plist"; sourceTree = "<group>"; };
/* End PBXFileReference section */

/* Begin PBXFrameworksBuildPhase section */
		1D60588F0D05DD3D006BFB54 /* Frameworks */ = {
			isa = PBXFrameworksBuildPhase;
			buildActionMask = 2147483647;
			files = (
				46B1863D146DB0A10037AE9A /* Twitter.framework in Frameworks */,
				1D60589F0D05DD5A006BFB54 /* Foundation.framework in Frameworks */,
				1DF5F4E00D08C38300B7A737 /* UIKit.framework in Frameworks */,
				288765A50DF7441C002DB57D /* CoreGraphics.framework in Frameworks */,
				46D6B71F11E14E2D00C1430B /* AVFoundation.framework in Frameworks */,
				46E7A304121DD22B008971FE /* QuartzCore.framework in Frameworks */,
				46B2B25012B05D3800C562C9 /* SystemConfiguration.framework in Frameworks */,
				46B2B36B12B060D600C562C9 /* Security.framework in Frameworks */,
			);
			runOnlyForDeploymentPostprocessing = 0;
		};
/* End PBXFrameworksBuildPhase section */

/* Begin PBXGroup section */
		19C28FACFE9D520D11CA2CBB /* Products */ = {
			isa = PBXGroup;
			children = (
				1D6058910D05DD3D006BFB54 /* UncleFred.app */,
			);
			name = Products;
			sourceTree = "<group>";
		};
		29B97314FDCFA39411CA2CEA /* CustomTemplate */ = {
			isa = PBXGroup;
			children = (
				469B2831163456EE00F6AD98 /* Icon-72.png */,
				469B2832163456EE00F6AD98 /* Icon-Small.png */,
				469B2833163456EE00F6AD98 /* Icon-Small@2x.png */,
				469B2834163456EE00F6AD98 /* Icon.png */,
				469B2835163456EE00F6AD98 /* Icon@2x.png */,
				469B2837163456EE00F6AD98 /* iTunesArtwork.png */,
				464D7E6811A8F66B009B82DE /* Settings.bundle */,
				46E7792E1197C04E007EE541 /* Classes */,
				29B97315FDCFA39411CA2CEA /* Other Sources */,
				29B97317FDCFA39411CA2CEA /* Resources */,
				29B97323FDCFA39411CA2CEA /* Frameworks */,
				19C28FACFE9D520D11CA2CBB /* Products */,
			);
			name = CustomTemplate;
			sourceTree = "<group>";
		};
		29B97315FDCFA39411CA2CEA /* Other Sources */ = {
			isa = PBXGroup;
			children = (
				32CA4F630368D1EE00C91783 /* UncleFred_Prefix.pch */,
				29B97316FDCFA39411CA2CEA /* main.m */,
			);
			name = "Other Sources";
			sourceTree = "<group>";
		};
		29B97317FDCFA39411CA2CEA /* Resources */ = {
			isa = PBXGroup;
			children = (
				469B28E21634574000F6AD98 /* Property Lists */,
				469B28481634573100F6AD98 /* Images */,
				469B283F1634571800F6AD98 /* Audio */,
				8D1107310486CEB800E47090 /* Info.plist */,
			);
			name = Resources;
			sourceTree = "<group>";
		};
		29B97323FDCFA39411CA2CEA /* Frameworks */ = {
			isa = PBXGroup;
			children = (
				46B1863C146DB0A10037AE9A /* Twitter.framework */,
				46E7A303121DD22B008971FE /* QuartzCore.framework */,
				1DF5F4DF0D08C38300B7A737 /* UIKit.framework */,
				1D30AB110D05D00D00671497 /* Foundation.framework */,
				288765A40DF7441C002DB57D /* CoreGraphics.framework */,
				46D6B71E11E14E2D00C1430B /* AVFoundation.framework */,
				46B2B24D12B05D3800C562C9 /* CFNetwork.framework */,
				46B2B24F12B05D3800C562C9 /* SystemConfiguration.framework */,
				46B2B36812B060D600C562C9 /* MessageUI.framework */,
				46B2B36A12B060D600C562C9 /* Security.framework */,
			);
			name = Frameworks;
			sourceTree = "<group>";
		};
		4664B75E16346A590003D3CF /* Detail Editor */ = {
			isa = PBXGroup;
			children = (
				4682BCC711A73894004F7745 /* UFPhraseDetailEditorViewController.h */,
				4682BCC811A73894004F7745 /* UFPhraseDetailEditorViewController.m */,
				4682BCC911A73894004F7745 /* UFPhraseDetailEditorViewController.xib */,
			);
			name = "Detail Editor";
			sourceTree = "<group>";
		};
		4664B75F16346A740003D3CF /* Credits */ = {
			isa = PBXGroup;
			children = (
				46D6B7AA11E158CF00C1430B /* UFCreditsViewController.h */,
				46D6B7AB11E158CF00C1430B /* UFCreditsViewController.m */,
				46D6B7AC11E158CF00C1430B /* UFCreditsViewController.xib */,
			);
			name = Credits;
			sourceTree = "<group>";
		};
		4664B76016346A7F0003D3CF /* Phrases List */ = {
			isa = PBXGroup;
			children = (
				4682BEA411A751D9004F7745 /* UFPhrasesListViewController.h */,
				4682BEA511A751D9004F7745 /* UFPhrasesListViewController.m */,
			);
			name = "Phrases List";
			sourceTree = "<group>";
		};
		4664B76116346A870003D3CF /* Shake View Controller */ = {
			isa = PBXGroup;
			children = (
				468EBCCE163461A1000EEB9C /* UFShakeViewController.h */,
				468EBCCF163461A1000EEB9C /* UFShakeViewController.m */,
				2899E5210DE3E06400AC0155 /* UFShakeViewController.xib */,
			);
			name = "Shake View Controller";
			sourceTree = "<group>";
		};
		4664B76216346A900003D3CF /* App Delegate */ = {
			isa = PBXGroup;
			children = (
				46E779261197C032007EE541 /* UFAppDelegate.h */,
				46E779271197C032007EE541 /* UFAppDelegate.m */,
			);
			name = "App Delegate";
			sourceTree = "<group>";
		};
		469B283F1634571800F6AD98 /* Audio */ = {
			isa = PBXGroup;
			children = (
				469B28401634571800F6AD98 /* poke.aif */,
				469B28411634571800F6AD98 /* shake.aif */,
				469B28421634571800F6AD98 /* shake.mp3 */,
				469B28431634571800F6AD98 /* shake_short.mp3 */,
			);
			path = Audio;
			sourceTree = "<group>";
		};
		469B28481634573100F6AD98 /* Images */ = {
			isa = PBXGroup;
			children = (
				469B28491634573100F6AD98 /* Backgrounds */,
				469B284E1634573100F6AD98 /* Character Overlay */,
				469B28511634573100F6AD98 /* Default.png */,
				469B28521634573100F6AD98 /* Default@2x.png */,
				469B28531634573100F6AD98 /* Hair */,
				469B286A1634573100F6AD98 /* Icons */,
				469B288D1634573100F6AD98 /* Toolbar Icons */,
			);
			path = Images;
			sourceTree = "<group>";
		};
		469B28491634573100F6AD98 /* Backgrounds */ = {
			isa = PBXGroup;
			children = (
				469B284A1634573100F6AD98 /* navbar.png */,
				469B284B1634573100F6AD98 /* phraseEditor.png */,
				469B284C1634573100F6AD98 /* phrases.png */,
				469B284D1634573100F6AD98 /* popup.png */,
			);
			path = Backgrounds;
			sourceTree = "<group>";
		};
		469B284E1634573100F6AD98 /* Character Overlay */ = {
			isa = PBXGroup;
			children = (
				469B284F1634573100F6AD98 /* pupil-in.png */,
				469B28501634573100F6AD98 /* pupil.png */,
			);
			path = "Character Overlay";
			sourceTree = "<group>";
		};
		469B28531634573100F6AD98 /* Hair */ = {
			isa = PBXGroup;
			children = (
				469B28541634573100F6AD98 /* black_hair.png */,
				469B28551634573100F6AD98 /* brow.jpg */,
				469B28561634573100F6AD98 /* carbon.png */,
				469B28571634573100F6AD98 /* compete_shadow.png */,
				469B28581634573100F6AD98 /* complete.png */,
				469B28591634573100F6AD98 /* complete_shadow.png */,
				469B285A1634573100F6AD98 /* giraffe.png */,
				469B285B1634573100F6AD98 /* gray_hair.png */,
				469B285C1634573100F6AD98 /* leaf_hair.png */,
				469B285D1634573100F6AD98 /* orange.png */,
				469B285E1634573100F6AD98 /* orange_peel.png */,
				469B285F1634573100F6AD98 /* pastel_brown.png */,
				469B28601634573100F6AD98 /* pastel_hair.png */,
				469B28611634573100F6AD98 /* polka.png */,
				469B28621634573100F6AD98 /* promenade.png */,
				469B28631634573100F6AD98 /* promenade_2.png */,
				469B28641634573100F6AD98 /* purple_hair.png */,
				469B28651634573100F6AD98 /* purple_shiny.png */,
				469B28661634573100F6AD98 /* shiny_black.png */,
				469B28671634573100F6AD98 /* stone.png */,
				469B28681634573100F6AD98 /* yellow_flower.png */,
				469B28691634573100F6AD98 /* yellow_shiny.png */,
			);
			path = Hair;
			sourceTree = "<group>";
		};
		469B286A1634573100F6AD98 /* Icons */ = {
			isa = PBXGroup;
			children = (
				469B286B1634573100F6AD98 /* Icon-72.png */,
				469B286C1634573100F6AD98 /* Icon-Small.png */,
				469B286D1634573100F6AD98 /* Icon-Small@2x.png */,
				469B286E1634573100F6AD98 /* Icon.png */,
				469B286F1634573100F6AD98 /* Icon@2x.png */,
				469B28701634573100F6AD98 /* iTunesArtwork */,
				469B28711634573100F6AD98 /* iTunesArtwork.png */,
				469B28721634573100F6AD98 /* Wallpaper.png */,
				469B28731634573100F6AD98 /* Wallpaper@2x.png */,
			);
			path = Icons;
			sourceTree = "<group>";
		};
		469B288D1634573100F6AD98 /* Toolbar Icons */ = {
			isa = PBXGroup;
			children = (
				469B288E1634573100F6AD98 /* Bird.png */,
				469B288F1634573100F6AD98 /* Bird@2x.png */,
				469B28901634573100F6AD98 /* Info.png */,
				469B28911634573100F6AD98 /* Info@2x.png */,
				469B28921634573100F6AD98 /* pen.png */,
				469B28931634573100F6AD98 /* pen_up.png */,
				469B28941634573100F6AD98 /* Plus.png */,
				469B28951634573100F6AD98 /* Plus@2x.png */,
				469B28961634573100F6AD98 /* qm.png */,
				469B28971634573100F6AD98 /* qm_up.png */,
				469B28981634573100F6AD98 /* Shadow.png */,
				469B28991634573100F6AD98 /* Shadow@2x.png */,
			);
			path = "Toolbar Icons";
			sourceTree = "<group>";
		};
		469B28E21634574000F6AD98 /* Property Lists */ = {
			isa = PBXGroup;
			children = (
				469B28E31634574000F6AD98 /* PokedList.plist */,
				469B28E41634574000F6AD98 /* ShakenList.plist */,
			);
			path = "Property Lists";
			sourceTree = "<group>";
		};
		46E7792E1197C04E007EE541 /* Classes */ = {
			isa = PBXGroup;
			children = (
				4664B76216346A900003D3CF /* App Delegate */,
				4664B76116346A870003D3CF /* Shake View Controller */,
				4664B76016346A7F0003D3CF /* Phrases List */,
				4664B75F16346A740003D3CF /* Credits */,
				4664B75E16346A590003D3CF /* Detail Editor */,
			);
			name = Classes;
			sourceTree = "<group>";
		};
/* End PBXGroup section */

/* Begin PBXNativeTarget section */
		1D6058900D05DD3D006BFB54 /* UncleFred */ = {
			isa = PBXNativeTarget;
			buildConfigurationList = 1D6058960D05DD3E006BFB54 /* Build configuration list for PBXNativeTarget "UncleFred" */;
			buildPhases = (
				1D60588D0D05DD3D006BFB54 /* Resources */,
				1D60588E0D05DD3D006BFB54 /* Sources */,
				1D60588F0D05DD3D006BFB54 /* Frameworks */,
			);
			buildRules = (
			);
			dependencies = (
			);
			name = UncleFred;
			productName = iDecide;
			productReference = 1D6058910D05DD3D006BFB54 /* UncleFred.app */;
			productType = "com.apple.product-type.application";
		};
/* End PBXNativeTarget section */

/* Begin PBXProject section */
		29B97313FDCFA39411CA2CEA /* Project object */ = {
			isa = PBXProject;
			attributes = {
				CLASSPREFIX = UF;
				LastUpgradeCheck = 0450;
				ORGANIZATIONNAME = "Moshe Berman";
			};
			buildConfigurationList = C01FCF4E08A954540054247B /* Build configuration list for PBXProject "UncleFred" */;
			compatibilityVersion = "Xcode 3.2";
			developmentRegion = English;
			hasScannedForEncodings = 1;
			knownRegions = (
				en,
			);
			mainGroup = 29B97314FDCFA39411CA2CEA /* CustomTemplate */;
			projectDirPath = "";
			projectRoot = "";
			targets = (
				1D6058900D05DD3D006BFB54 /* UncleFred */,
			);
		};
/* End PBXProject section */

/* Begin PBXResourcesBuildPhase section */
		1D60588D0D05DD3D006BFB54 /* Resources */ = {
			isa = PBXResourcesBuildPhase;
			buildActionMask = 2147483647;
			files = (
				2899E5220DE3E06400AC0155 /* UFShakeViewController.xib in Resources */,
				4682BCCB11A73894004F7745 /* UFPhraseDetailEditorViewController.xib in Resources */,
				464D7E6911A8F66B009B82DE /* Settings.bundle in Resources */,
				46D6B7AE11E158CF00C1430B /* UFCreditsViewController.xib in Resources */,
				469B2838163456EE00F6AD98 /* Icon-72.png in Resources */,
				469B2839163456EE00F6AD98 /* Icon-Small.png in Resources */,
				469B283A163456EE00F6AD98 /* Icon-Small@2x.png in Resources */,
				469B283B163456EE00F6AD98 /* Icon.png in Resources */,
				469B283C163456EE00F6AD98 /* Icon@2x.png in Resources */,
				469B283E163456EE00F6AD98 /* iTunesArtwork.png in Resources */,
				469B28441634571800F6AD98 /* poke.aif in Resources */,
				469B28451634571800F6AD98 /* shake.aif in Resources */,
				469B28461634571800F6AD98 /* shake.mp3 in Resources */,
				469B28471634571800F6AD98 /* shake_short.mp3 in Resources */,
				469B289A1634573100F6AD98 /* navbar.png in Resources */,
				469B289B1634573100F6AD98 /* phraseEditor.png in Resources */,
				469B289C1634573100F6AD98 /* phrases.png in Resources */,
				469B289D1634573100F6AD98 /* popup.png in Resources */,
				469B289E1634573100F6AD98 /* pupil-in.png in Resources */,
				469B289F1634573100F6AD98 /* pupil.png in Resources */,
				469B28A01634573100F6AD98 /* Default.png in Resources */,
				469B28A11634573100F6AD98 /* Default@2x.png in Resources */,
				469B28A21634573100F6AD98 /* black_hair.png in Resources */,
				469B28A31634573100F6AD98 /* brow.jpg in Resources */,
				469B28A41634573100F6AD98 /* carbon.png in Resources */,
				469B28A51634573100F6AD98 /* compete_shadow.png in Resources */,
				469B28A61634573100F6AD98 /* complete.png in Resources */,
				469B28A71634573100F6AD98 /* complete_shadow.png in Resources */,
				469B28A81634573100F6AD98 /* giraffe.png in Resources */,
				469B28A91634573100F6AD98 /* gray_hair.png in Resources */,
				469B28AA1634573100F6AD98 /* leaf_hair.png in Resources */,
				469B28AB1634573100F6AD98 /* orange.png in Resources */,
				469B28AC1634573100F6AD98 /* orange_peel.png in Resources */,
				469B28AD1634573100F6AD98 /* pastel_brown.png in Resources */,
				469B28AE1634573100F6AD98 /* pastel_hair.png in Resources */,
				469B28AF1634573100F6AD98 /* polka.png in Resources */,
				469B28B01634573100F6AD98 /* promenade.png in Resources */,
				469B28B11634573100F6AD98 /* promenade_2.png in Resources */,
				469B28B21634573100F6AD98 /* purple_hair.png in Resources */,
				469B28B31634573100F6AD98 /* purple_shiny.png in Resources */,
				469B28B41634573100F6AD98 /* shiny_black.png in Resources */,
				469B28B51634573100F6AD98 /* stone.png in Resources */,
				469B28B61634573100F6AD98 /* yellow_flower.png in Resources */,
				469B28B71634573100F6AD98 /* yellow_shiny.png in Resources */,
				469B28BF1634573100F6AD98 /* Wallpaper.png in Resources */,
				469B28C01634573100F6AD98 /* Wallpaper@2x.png in Resources */,
				469B28D61634573100F6AD98 /* Bird.png in Resources */,
				469B28D71634573100F6AD98 /* Bird@2x.png in Resources */,
				469B28D81634573100F6AD98 /* Info.png in Resources */,
				469B28D91634573100F6AD98 /* Info@2x.png in Resources */,
				469B28DA1634573100F6AD98 /* pen.png in Resources */,
				469B28DB1634573100F6AD98 /* pen_up.png in Resources */,
				469B28DC1634573100F6AD98 /* Plus.png in Resources */,
				469B28DD1634573100F6AD98 /* Plus@2x.png in Resources */,
				469B28DE1634573100F6AD98 /* qm.png in Resources */,
				469B28DF1634573100F6AD98 /* qm_up.png in Resources */,
				469B28E01634573100F6AD98 /* Shadow.png in Resources */,
				469B28E11634573100F6AD98 /* Shadow@2x.png in Resources */,
				469B28E51634574000F6AD98 /* PokedList.plist in Resources */,
				469B28E61634574000F6AD98 /* ShakenList.plist in Resources */,
			);
			runOnlyForDeploymentPostprocessing = 0;
		};
/* End PBXResourcesBuildPhase section */

/* Begin PBXSourcesBuildPhase section */
		1D60588E0D05DD3D006BFB54 /* Sources */ = {
			isa = PBXSourcesBuildPhase;
			buildActionMask = 2147483647;
			files = (
				1D60589B0D05DD56006BFB54 /* main.m in Sources */,
				46E7792A1197C032007EE541 /* UFAppDelegate.m in Sources */,
				4682BCCA11A73894004F7745 /* UFPhraseDetailEditorViewController.m in Sources */,
				4682BEA711A751D9004F7745 /* UFPhrasesListViewController.m in Sources */,
				46D6B7AD11E158CF00C1430B /* UFCreditsViewController.m in Sources */,
				468EBCD0163461A1000EEB9C /* UFShakeViewController.m in Sources */,
			);
			runOnlyForDeploymentPostprocessing = 0;
		};
/* End PBXSourcesBuildPhase section */

/* Begin XCBuildConfiguration section */
		1D6058940D05DD3E006BFB54 /* Debug */ = {
			isa = XCBuildConfiguration;
			buildSettings = {
				ALWAYS_SEARCH_USER_PATHS = NO;
				ARCHS = "$(ARCHS_STANDARD_32_BIT)";
				CLANG_ENABLE_OBJC_ARC = YES;
				"CODE_SIGN_IDENTITY[sdk=iphoneos*]" = "iPhone Developer";
				"CODE_SIGN_IDENTITY[sdk=iphoneos4.0]" = "iPhone Developer";
				COPY_PHASE_STRIP = NO;
				GCC_DYNAMIC_NO_PIC = NO;
				GCC_OPTIMIZATION_LEVEL = 0;
				GCC_PRECOMPILE_PREFIX_HEADER = YES;
				GCC_PREFIX_HEADER = UncleFred_Prefix.pch;
				INFOPLIST_FILE = Info.plist;
				IPHONEOS_DEPLOYMENT_TARGET = 5.0;
				PRODUCT_NAME = UncleFred;
				"PROVISIONING_PROFILE[sdk=iphoneos*]" = "";
				"PROVISIONING_PROFILE[sdk=iphoneos4.0]" = "";
				SDKROOT = iphoneos;
				TARGETED_DEVICE_FAMILY = 1;
				USER_HEADER_SEARCH_PATHS = "/Users/Moshe/Development/iOS/Libraries/OpenEars/CMULibraries/flite-1.4-release/include /Users/Moshe/Development/iOS/Libraries/OpenEars/OpenEarsLibrary/Classes/include /Users/Moshe/Development/iOS/Libraries/OpenEars/CMULibraries/sphinxbase-0.6.1/include /Users/Moshe/Development/iOS/Libraries/OpenEars/CMULibraries/pocketsphinx-0.6.1/include";
			};
			name = Debug;
		};
		1D6058950D05DD3E006BFB54 /* Release */ = {
			isa = XCBuildConfiguration;
			buildSettings = {
				ALWAYS_SEARCH_USER_PATHS = NO;
				ARCHS = "$(ARCHS_STANDARD_32_BIT)";
				CLANG_ENABLE_OBJC_ARC = YES;
				"CODE_SIGN_IDENTITY[sdk=iphoneos*]" = "iPhone Distribution: Moshe Berman";
				"CODE_SIGN_IDENTITY[sdk=iphoneos4.0]" = "iPhone Distribution: Moshe Berman";
				COPY_PHASE_STRIP = YES;
				GCC_PRECOMPILE_PREFIX_HEADER = YES;
				GCC_PREFIX_HEADER = UncleFred_Prefix.pch;
				INFOPLIST_FILE = Info.plist;
				IPHONEOS_DEPLOYMENT_TARGET = 5.0;
				PRODUCT_NAME = UncleFred;
				"PROVISIONING_PROFILE[sdk=iphoneos*]" = "90C65A01-5213-4E51-9E1D-0A3F4728C69A";
				"PROVISIONING_PROFILE[sdk=iphoneos4.0]" = "90C65A01-5213-4E51-9E1D-0A3F4728C69A";
				SDKROOT = iphoneos;
				TARGETED_DEVICE_FAMILY = 1;
				USER_HEADER_SEARCH_PATHS = "/Users/Moshe/Development/iOS/Libraries/OpenEars/CMULibraries/flite-1.4-release/include /Users/Moshe/Development/iOS/Libraries/OpenEars/OpenEarsLibrary/Classes/include /Users/Moshe/Development/iOS/Libraries/OpenEars/CMULibraries/sphinxbase-0.6.1/include /Users/Moshe/Development/iOS/Libraries/OpenEars/CMULibraries/pocketsphinx-0.6.1/include";
			};
			name = Release;
		};
		4602808F11E2608F009FC992 /* App Store */ = {
			isa = XCBuildConfiguration;
			buildSettings = {
				ARCHS = "$(ARCHS_STANDARD_32_BIT)";
				CODE_SIGN_IDENTITY = "iPhone Distribution";
				"CODE_SIGN_IDENTITY[sdk=iphoneos*]" = "iPhone Distribution";
				"CODE_SIGN_IDENTITY[sdk=iphoneos4.0]" = "iPhone Distribution";
				COPY_PHASE_STRIP = YES;
				GCC_C_LANGUAGE_STANDARD = c99;
				GCC_WARN_64_TO_32_BIT_CONVERSION = NO;
				GCC_WARN_ABOUT_RETURN_TYPE = YES;
				GCC_WARN_UNDECLARED_SELECTOR = NO;
				GCC_WARN_UNUSED_VARIABLE = YES;
				IPHONEOS_DEPLOYMENT_TARGET = 3.0;
				PROVISIONING_PROFILE = "";
				"PROVISIONING_PROFILE[sdk=iphoneos*]" = "";
				"PROVISIONING_PROFILE[sdk=iphoneos4.0]" = "";
				SDKROOT = iphoneos;
				SEPARATE_STRIP = NO;
				STRIP_INSTALLED_PRODUCT = YES;
				SYMROOT = "";
			};
			name = "App Store";
		};
		4602809011E2608F009FC992 /* App Store */ = {
			isa = XCBuildConfiguration;
			buildSettings = {
				ALWAYS_SEARCH_USER_PATHS = NO;
				ARCHS = "$(ARCHS_STANDARD_32_BIT)";
				CLANG_ENABLE_OBJC_ARC = YES;
				"CODE_SIGN_IDENTITY[sdk=iphoneos*]" = "iPhone Distribution: Moshe Berman";
				COPY_PHASE_STRIP = YES;
				GCC_PRECOMPILE_PREFIX_HEADER = YES;
				GCC_PREFIX_HEADER = UncleFred_Prefix.pch;
				INFOPLIST_FILE = Info.plist;
				IPHONEOS_DEPLOYMENT_TARGET = 5.0;
				PRODUCT_NAME = UncleFred;
				"PROVISIONING_PROFILE[sdk=iphoneos*]" = "90C65A01-5213-4E51-9E1D-0A3F4728C69A";
				SDKROOT = iphoneos;
				TARGETED_DEVICE_FAMILY = 1;
				USER_HEADER_SEARCH_PATHS = "/Users/Moshe/Development/iOS/Libraries/OpenEars/CMULibraries/flite-1.4-release/include /Users/Moshe/Development/iOS/Libraries/OpenEars/OpenEarsLibrary/Classes/include /Users/Moshe/Development/iOS/Libraries/OpenEars/CMULibraries/sphinxbase-0.6.1/include /Users/Moshe/Development/iOS/Libraries/OpenEars/CMULibraries/pocketsphinx-0.6.1/include";
			};
			name = "App Store";
		};
		C01FCF4F08A954540054247B /* Debug */ = {
			isa = XCBuildConfiguration;
			buildSettings = {
				ARCHS = "$(ARCHS_STANDARD_32_BIT)";
				"CODE_SIGN_IDENTITY[sdk=iphoneos*]" = "iPhone Developer: Moshe Berman (JFYZ2Q7278)";
				"CODE_SIGN_IDENTITY[sdk=iphoneos4.0]" = "iPhone Developer: Moshe Berman (JFYZ2Q7278)";
				GCC_C_LANGUAGE_STANDARD = c99;
				GCC_WARN_ABOUT_RETURN_TYPE = YES;
				GCC_WARN_UNUSED_VARIABLE = YES;
				IPHONEOS_DEPLOYMENT_TARGET = 3.0;
				SDKROOT = iphoneos;
			};
			name = Debug;
		};
		C01FCF5008A954540054247B /* Release */ = {
			isa = XCBuildConfiguration;
			buildSettings = {
				ARCHS = "$(ARCHS_STANDARD_32_BIT)";
				"CODE_SIGN_IDENTITY[sdk=iphoneos*]" = "iPhone Developer: Moshe Berman (JFYZ2Q7278)";
				"CODE_SIGN_IDENTITY[sdk=iphoneos4.0]" = "iPhone Developer: Moshe Berman (JFYZ2Q7278)";
				GCC_C_LANGUAGE_STANDARD = c99;
				GCC_WARN_ABOUT_RETURN_TYPE = YES;
				GCC_WARN_UNUSED_VARIABLE = YES;
				IPHONEOS_DEPLOYMENT_TARGET = 3.0;
				PRIVATE_HEADERS_FOLDER_PATH = "";
				PUBLIC_HEADERS_FOLDER_PATH = "";
				SDKROOT = iphoneos;
				USER_HEADER_SEARCH_PATHS = "";
			};
			name = Release;
		};
		CDD3F72611501722005521B7 /* Distribution */ = {
			isa = XCBuildConfiguration;
			buildSettings = {
				ARCHS = "$(ARCHS_STANDARD_32_BIT)";
				"CODE_SIGN_IDENTITY[sdk=iphoneos*]" = "iPhone Distribution: Moshe Berman";
				"CODE_SIGN_IDENTITY[sdk=iphoneos4.0]" = "iPhone Distribution: Moshe Berman";
				COPY_PHASE_STRIP = YES;
				GCC_C_LANGUAGE_STANDARD = c99;
				GCC_WARN_64_TO_32_BIT_CONVERSION = NO;
				GCC_WARN_ABOUT_RETURN_TYPE = YES;
				GCC_WARN_UNDECLARED_SELECTOR = NO;
				GCC_WARN_UNUSED_VARIABLE = YES;
				IPHONEOS_DEPLOYMENT_TARGET = 3.0;
				SDKROOT = iphoneos;
				SEPARATE_STRIP = NO;
				STRIP_INSTALLED_PRODUCT = YES;
				SYMROOT = bld;
			};
			name = Distribution;
		};
		CDD3F72711501722005521B7 /* Distribution */ = {
			isa = XCBuildConfiguration;
			buildSettings = {
				ALWAYS_SEARCH_USER_PATHS = NO;
				ARCHS = "$(ARCHS_STANDARD_32_BIT)";
				CLANG_ENABLE_OBJC_ARC = YES;
				"CODE_SIGN_IDENTITY[sdk=iphoneos*]" = "iPhone Distribution: Moshe Berman";
				COPY_PHASE_STRIP = YES;
				GCC_PRECOMPILE_PREFIX_HEADER = YES;
				GCC_PREFIX_HEADER = UncleFred_Prefix.pch;
				INFOPLIST_FILE = Info.plist;
				IPHONEOS_DEPLOYMENT_TARGET = 5.0;
				LIBRARY_SEARCH_PATHS = (
					"$(inherited)",
					"\"$(DEVELOPER_DIR)/Platforms/iPhoneOS.platform/Developer/SDKs/iPhoneOS3.2.sdk/usr/lib\"",
				);
				PRODUCT_NAME = UncleFred;
				"PROVISIONING_PROFILE[sdk=iphoneos*]" = "9F27F06A-7C1D-4453-B4E5-A59F5568238F";
				SDKROOT = iphoneos;
				TARGETED_DEVICE_FAMILY = 1;
				USER_HEADER_SEARCH_PATHS = "/Users/Moshe/Development/iOS/Libraries/OpenEars/CMULibraries/flite-1.4-release/include /Users/Moshe/Development/iOS/Libraries/OpenEars/OpenEarsLibrary/Classes/include /Users/Moshe/Development/iOS/Libraries/OpenEars/CMULibraries/sphinxbase-0.6.1/include /Users/Moshe/Development/iOS/Libraries/OpenEars/CMULibraries/pocketsphinx-0.6.1/include";
			};
			name = Distribution;
		};
/* End XCBuildConfiguration section */

/* Begin XCConfigurationList section */
		1D6058960D05DD3E006BFB54 /* Build configuration list for PBXNativeTarget "UncleFred" */ = {
			isa = XCConfigurationList;
			buildConfigurations = (
				1D6058940D05DD3E006BFB54 /* Debug */,
				1D6058950D05DD3E006BFB54 /* Release */,
				CDD3F72711501722005521B7 /* Distribution */,
				4602809011E2608F009FC992 /* App Store */,
			);
			defaultConfigurationIsVisible = 0;
			defaultConfigurationName = Release;
		};
		C01FCF4E08A954540054247B /* Build configuration list for PBXProject "UncleFred" */ = {
			isa = XCConfigurationList;
			buildConfigurations = (
				C01FCF4F08A954540054247B /* Debug */,
				C01FCF5008A954540054247B /* Release */,
				CDD3F72611501722005521B7 /* Distribution */,
				4602808F11E2608F009FC992 /* App Store */,
			);
			defaultConfigurationIsVisible = 0;
			defaultConfigurationName = Release;
		};
/* End XCConfigurationList section */
	};
	rootObject = 29B97313FDCFA39411CA2CEA /* Project object */;
}
